
Microsoft Visual Studio Solution File, Format Version 12.00
# Visual Studio 15
VisualStudioVersion = 15.0.27004.2005
MinimumVisualStudioVersion = 10.0.40219.1
Project("{FAE04EC0-301F-11D3-BF4B-00C04F79EFBC}") = "DepotBeheer.Android", "DepotBeheer\DepotBeheer.Android\DepotBeheer.Android.csproj", "{CDBD4603-840A-40CA-97E1-DB17CC7E16A2}"
EndProject
Project("{FAE04EC0-301F-11D3-BF4B-00C04F79EFBC}") = "DepotBeheer", "DepotBeheer\DepotBeheer\DepotBeheer.csproj", "{165556CD-4DA6-4426-B9D1-9D5C34E83283}"
EndProject
Project("{FAE04EC0-301F-11D3-BF4B-00C04F79EFBC}") = "DepotBeheer.UWP", "DepotBeheer\DepotBeheer.UWP\DepotBeheer.UWP.csproj", "{BC605B63-D375-4589-94DC-46406040E750}"
EndProject
Project("{FAE04EC0-301F-11D3-BF4B-00C04F79EFBC}") = "DepotBeheer.iOS", "DepotBeheer\DepotBeheer.iOS\DepotBeheer.iOS.csproj", "{708E50E2-BCBB-4B52-BA90-40BB1898BD90}"
EndProject
Global
	GlobalSection(SolutionConfigurationPlatforms) = preSolution
		Ad-Hoc|Any CPU = Ad-Hoc|Any CPU
		Ad-Hoc|ARM = Ad-Hoc|ARM
		Ad-Hoc|iPhone = Ad-Hoc|iPhone
		Ad-Hoc|iPhoneSimulator = Ad-Hoc|iPhoneSimulator
		Ad-Hoc|x64 = Ad-Hoc|x64
		Ad-Hoc|x86 = Ad-Hoc|x86
		AppStore|Any CPU = AppStore|Any CPU
		AppStore|ARM = AppStore|ARM
		AppStore|iPhone = AppStore|iPhone
		AppStore|iPhoneSimulator = AppStore|iPhoneSimulator
		AppStore|x64 = AppStore|x64
		AppStore|x86 = AppStore|x86
		Debug|Any CPU = Debug|Any CPU
		Debug|ARM = Debug|ARM
		Debug|iPhone = Debug|iPhone
		Debug|iPhoneSimulator = Debug|iPhoneSimulator
		Debug|x64 = Debug|x64
		Debug|x86 = Debug|x86
		Release|Any CPU = Release|Any CPU
		Release|ARM = Release|ARM
		Release|iPhone = Release|iPhone
		Release|iPhoneSimulator = Release|iPhoneSimulator
		Release|x64 = Release|x64
		Release|x86 = Release|x86
	EndGlobalSection
	GlobalSection(ProjectConfigurationPlatforms) = postSolution
		{CDBD4603-840A-40CA-97E1-DB17CC7E16A2}.Ad-Hoc|Any CPU.ActiveCfg = Release|Any CPU
		{CDBD4603-840A-40CA-97E1-DB17CC7E16A2}.Ad-Hoc|Any CPU.Build.0 = Release|Any CPU
		{CDBD4603-840A-40CA-97E1-DB17CC7E16A2}.Ad-Hoc|Any CPU.Deploy.0 = Release|Any CPU
		{CDBD4603-840A-40CA-97E1-DB17CC7E16A2}.Ad-Hoc|ARM.ActiveCfg = Release|Any CPU
		{CDBD4603-840A-40CA-97E1-DB17CC7E16A2}.Ad-Hoc|ARM.Build.0 = Release|Any CPU
		{CDBD4603-840A-40CA-97E1-DB17CC7E16A2}.Ad-Hoc|ARM.Deploy.0 = Release|Any CPU
		{CDBD4603-840A-40CA-97E1-DB17CC7E16A2}.Ad-Hoc|iPhone.ActiveCfg = Release|Any CPU
		{CDBD4603-840A-40CA-97E1-DB17CC7E16A2}.Ad-Hoc|iPhone.Build.0 = Release|Any CPU
		{CDBD4603-840A-40CA-97E1-DB17CC7E16A2}.Ad-Hoc|iPhone.Deploy.0 = Release|Any CPU
		{CDBD4603-840A-40CA-97E1-DB17CC7E16A2}.Ad-Hoc|iPhoneSimulator.ActiveCfg = Release|Any CPU
		{CDBD4603-840A-40CA-97E1-DB17CC7E16A2}.Ad-Hoc|iPhoneSimulator.Build.0 = Release|Any CPU
		{CDBD4603-840A-40CA-97E1-DB17CC7E16A2}.Ad-Hoc|iPhoneSimulator.Deploy.0 = Release|Any CPU
		{CDBD4603-840A-40CA-97E1-DB17CC7E16A2}.Ad-Hoc|x64.ActiveCfg = Release|Any CPU
		{CDBD4603-840A-40CA-97E1-DB17CC7E16A2}.Ad-Hoc|x64.Build.0 = Release|Any CPU
		{CDBD4603-840A-40CA-97E1-DB17CC7E16A2}.Ad-Hoc|x64.Deploy.0 = Release|Any CPU
		{CDBD4603-840A-40CA-97E1-DB17CC7E16A2}.Ad-Hoc|x86.ActiveCfg = Release|Any CPU
		{CDBD4603-840A-40CA-97E1-DB17CC7E16A2}.Ad-Hoc|x86.Build.0 = Release|Any CPU
		{CDBD4603-840A-40CA-97E1-DB17CC7E16A2}.Ad-Hoc|x86.Deploy.0 = Release|Any CPU
		{CDBD4603-840A-40CA-97E1-DB17CC7E16A2}.AppStore|Any CPU.ActiveCfg = Release|Any CPU
		{CDBD4603-840A-40CA-97E1-DB17CC7E16A2}.AppStore|Any CPU.Build.0 = Release|Any CPU
		{CDBD4603-840A-40CA-97E1-DB17CC7E16A2}.AppStore|Any CPU.Deploy.0 = Release|Any CPU
		{CDBD4603-840A-40CA-97E1-DB17CC7E16A2}.AppStore|ARM.ActiveCfg = Release|Any CPU
		{CDBD4603-840A-40CA-97E1-DB17CC7E16A2}.AppStore|ARM.Build.0 = Release|Any CPU
		{CDBD4603-840A-40CA-97E1-DB17CC7E16A2}.AppStore|ARM.Deploy.0 = Release|Any CPU
		{CDBD4603-840A-40CA-97E1-DB17CC7E16A2}.AppStore|iPhone.ActiveCfg = Release|Any CPU
		{CDBD4603-840A-40CA-97E1-DB17CC7E16A2}.AppStore|iPhone.Build.0 = Release|Any CPU
		{CDBD4603-840A-40CA-97E1-DB17CC7E16A2}.AppStore|iPhone.Deploy.0 = Release|Any CPU
		{CDBD4603-840A-40CA-97E1-DB17CC7E16A2}.AppStore|iPhoneSimulator.ActiveCfg = Release|Any CPU
		{CDBD4603-840A-40CA-97E1-DB17CC7E16A2}.AppStore|iPhoneSimulator.Build.0 = Release|Any CPU
		{CDBD4603-840A-40CA-97E1-DB17CC7E16A2}.AppStore|iPhoneSimulator.Deploy.0 = Release|Any CPU
		{CDBD4603-840A-40CA-97E1-DB17CC7E16A2}.AppStore|x64.ActiveCfg = Release|Any CPU
		{CDBD4603-840A-40CA-97E1-DB17CC7E16A2}.AppStore|x64.Build.0 = Release|Any CPU
		{CDBD4603-840A-40CA-97E1-DB17CC7E16A2}.AppStore|x64.Deploy.0 = Release|Any CPU
		{CDBD4603-840A-40CA-97E1-DB17CC7E16A2}.AppStore|x86.ActiveCfg = Release|Any CPU
		{CDBD4603-840A-40CA-97E1-DB17CC7E16A2}.AppStore|x86.Build.0 = Release|Any CPU
		{CDBD4603-840A-40CA-97E1-DB17CC7E16A2}.AppStore|x86.Deploy.0 = Release|Any CPU
		{CDBD4603-840A-40CA-97E1-DB17CC7E16A2}.Debug|Any CPU.ActiveCfg = Debug|Any CPU
		{CDBD4603-840A-40CA-97E1-DB17CC7E16A2}.Debug|Any CPU.Build.0 = Debug|Any CPU
		{CDBD4603-840A-40CA-97E1-DB17CC7E16A2}.Debug|Any CPU.Deploy.0 = Debug|Any CPU
		{CDBD4603-840A-40CA-97E1-DB17CC7E16A2}.Debug|ARM.ActiveCfg = Debug|Any CPU
		{CDBD4603-840A-40CA-97E1-DB17CC7E16A2}.Debug|ARM.Build.0 = Debug|Any CPU
		{CDBD4603-840A-40CA-97E1-DB17CC7E16A2}.Debug|ARM.Deploy.0 = Debug|Any CPU
		{CDBD4603-840A-40CA-97E1-DB17CC7E16A2}.Debug|iPhone.ActiveCfg = Debug|Any CPU
		{CDBD4603-840A-40CA-97E1-DB17CC7E16A2}.Debug|iPhone.Build.0 = Debug|Any CPU
		{CDBD4603-840A-40CA-97E1-DB17CC7E16A2}.Debug|iPhone.Deploy.0 = Debug|Any CPU
		{CDBD4603-840A-40CA-97E1-DB17CC7E16A2}.Debug|iPhoneSimulator.ActiveCfg = Debug|Any CPU
		{CDBD4603-840A-40CA-97E1-DB17CC7E16A2}.Debug|iPhoneSimulator.Build.0 = Debug|Any CPU
		{CDBD4603-840A-40CA-97E1-DB17CC7E16A2}.Debug|iPhoneSimulator.Deploy.0 = Debug|Any CPU
		{CDBD4603-840A-40CA-97E1-DB17CC7E16A2}.Debug|x64.ActiveCfg = Debug|Any CPU
		{CDBD4603-840A-40CA-97E1-DB17CC7E16A2}.Debug|x64.Build.0 = Debug|Any CPU
		{CDBD4603-840A-40CA-97E1-DB17CC7E16A2}.Debug|x64.Deploy.0 = Debug|Any CPU
		{CDBD4603-840A-40CA-97E1-DB17CC7E16A2}.Debug|x86.ActiveCfg = Debug|Any CPU
		{CDBD4603-840A-40CA-97E1-DB17CC7E16A2}.Debug|x86.Build.0 = Debug|Any CPU
		{CDBD4603-840A-40CA-97E1-DB17CC7E16A2}.Debug|x86.Deploy.0 = Debug|Any CPU
		{CDBD4603-840A-40CA-97E1-DB17CC7E16A2}.Release|Any CPU.ActiveCfg = Release|Any CPU
		{CDBD4603-840A-40CA-97E1-DB17CC7E16A2}.Release|Any CPU.Build.0 = Release|Any CPU
		{CDBD4603-840A-40CA-97E1-DB17CC7E16A2}.Release|Any CPU.Deploy.0 = Release|Any CPU
		{CDBD4603-840A-40CA-97E1-DB17CC7E16A2}.Release|ARM.ActiveCfg = Release|Any CPU
		{CDBD4603-840A-40CA-97E1-DB17CC7E16A2}.Release|ARM.Build.0 = Release|Any CPU
		{CDBD4603-840A-40CA-97E1-DB17CC7E16A2}.Release|ARM.Deploy.0 = Release|Any CPU
		{CDBD4603-840A-40CA-97E1-DB17CC7E16A2}.Release|iPhone.ActiveCfg = Release|Any CPU
		{CDBD4603-840A-40CA-97E1-DB17CC7E16A2}.Release|iPhone.Build.0 = Release|Any CPU
		{CDBD4603-840A-40CA-97E1-DB17CC7E16A2}.Release|iPhone.Deploy.0 = Release|Any CPU
		{CDBD4603-840A-40CA-97E1-DB17CC7E16A2}.Release|iPhoneSimulator.ActiveCfg = Release|Any CPU
		{CDBD4603-840A-40CA-97E1-DB17CC7E16A2}.Release|iPhoneSimulator.Build.0 = Release|Any CPU
		{CDBD4603-840A-40CA-97E1-DB17CC7E16A2}.Release|iPhoneSimulator.Deploy.0 = Release|Any CPU
		{CDBD4603-840A-40CA-97E1-DB17CC7E16A2}.Release|x64.ActiveCfg = Release|Any CPU
		{CDBD4603-840A-40CA-97E1-DB17CC7E16A2}.Release|x64.Build.0 = Release|Any CPU
		{CDBD4603-840A-40CA-97E1-DB17CC7E16A2}.Release|x64.Deploy.0 = Release|Any CPU
		{CDBD4603-840A-40CA-97E1-DB17CC7E16A2}.Release|x86.ActiveCfg = Release|Any CPU
		{CDBD4603-840A-40CA-97E1-DB17CC7E16A2}.Release|x86.Build.0 = Release|Any CPU
		{CDBD4603-840A-40CA-97E1-DB17CC7E16A2}.Release|x86.Deploy.0 = Release|Any CPU
		{165556CD-4DA6-4426-B9D1-9D5C34E83283}.Ad-Hoc|Any CPU.ActiveCfg = Release|Any CPU
		{165556CD-4DA6-4426-B9D1-9D5C34E83283}.Ad-Hoc|Any CPU.Build.0 = Release|Any CPU
		{165556CD-4DA6-4426-B9D1-9D5C34E83283}.Ad-Hoc|ARM.ActiveCfg = Release|Any CPU
		{165556CD-4DA6-4426-B9D1-9D5C34E83283}.Ad-Hoc|ARM.Build.0 = Release|Any CPU
		{165556CD-4DA6-4426-B9D1-9D5C34E83283}.Ad-Hoc|iPhone.ActiveCfg = Release|Any CPU
		{165556CD-4DA6-4426-B9D1-9D5C34E83283}.Ad-Hoc|iPhone.Build.0 = Release|Any CPU
		{165556CD-4DA6-4426-B9D1-9D5C34E83283}.Ad-Hoc|iPhoneSimulator.ActiveCfg = Release|Any CPU
		{165556CD-4DA6-4426-B9D1-9D5C34E83283}.Ad-Hoc|iPhoneSimulator.Build.0 = Release|Any CPU
		{165556CD-4DA6-4426-B9D1-9D5C34E83283}.Ad-Hoc|x64.ActiveCfg = Release|Any CPU
		{165556CD-4DA6-4426-B9D1-9D5C34E83283}.Ad-Hoc|x64.Build.0 = Release|Any CPU
		{165556CD-4DA6-4426-B9D1-9D5C34E83283}.Ad-Hoc|x86.ActiveCfg = Release|Any CPU
		{165556CD-4DA6-4426-B9D1-9D5C34E83283}.Ad-Hoc|x86.Build.0 = Release|Any CPU
		{165556CD-4DA6-4426-B9D1-9D5C34E83283}.AppStore|Any CPU.ActiveCfg = Release|Any CPU
		{165556CD-4DA6-4426-B9D1-9D5C34E83283}.AppStore|Any CPU.Build.0 = Release|Any CPU
		{165556CD-4DA6-4426-B9D1-9D5C34E83283}.AppStore|ARM.ActiveCfg = Release|Any CPU
		{165556CD-4DA6-4426-B9D1-9D5C34E83283}.AppStore|ARM.Build.0 = Release|Any CPU
		{165556CD-4DA6-4426-B9D1-9D5C34E83283}.AppStore|iPhone.ActiveCfg = Release|Any CPU
		{165556CD-4DA6-4426-B9D1-9D5C34E83283}.AppStore|iPhone.Build.0 = Release|Any CPU
		{165556CD-4DA6-4426-B9D1-9D5C34E83283}.AppStore|iPhoneSimulator.ActiveCfg = Release|Any CPU
		{165556CD-4DA6-4426-B9D1-9D5C34E83283}.AppStore|iPhoneSimulator.Build.0 = Release|Any CPU
		{165556CD-4DA6-4426-B9D1-9D5C34E83283}.AppStore|x64.ActiveCfg = Release|Any CPU
		{165556CD-4DA6-4426-B9D1-9D5C34E83283}.AppStore|x64.Build.0 = Release|Any CPU
		{165556CD-4DA6-4426-B9D1-9D5C34E83283}.AppStore|x86.ActiveCfg = Release|Any CPU
		{165556CD-4DA6-4426-B9D1-9D5C34E83283}.AppStore|x86.Build.0 = Release|Any CPU
		{165556CD-4DA6-4426-B9D1-9D5C34E83283}.Debug|Any CPU.ActiveCfg = Debug|Any CPU
		{165556CD-4DA6-4426-B9D1-9D5C34E83283}.Debug|Any CPU.Build.0 = Debug|Any CPU
		{165556CD-4DA6-4426-B9D1-9D5C34E83283}.Debug|ARM.ActiveCfg = Debug|Any CPU
		{165556CD-4DA6-4426-B9D1-9D5C34E83283}.Debug|ARM.Build.0 = Debug|Any CPU
		{165556CD-4DA6-4426-B9D1-9D5C34E83283}.Debug|iPhone.ActiveCfg = Debug|Any CPU
		{165556CD-4DA6-4426-B9D1-9D5C34E83283}.Debug|iPhone.Build.0 = Debug|Any CPU
		{165556CD-4DA6-4426-B9D1-9D5C34E83283}.Debug|iPhoneSimulator.ActiveCfg = Debug|Any CPU
		{165556CD-4DA6-4426-B9D1-9D5C34E83283}.Debug|iPhoneSimulator.Build.0 = Debug|Any CPU
		{165556CD-4DA6-4426-B9D1-9D5C34E83283}.Debug|x64.ActiveCfg = Debug|Any CPU
		{165556CD-4DA6-4426-B9D1-9D5C34E83283}.Debug|x64.Build.0 = Debug|Any CPU
		{165556CD-4DA6-4426-B9D1-9D5C34E83283}.Debug|x86.ActiveCfg = Debug|Any CPU
		{165556CD-4DA6-4426-B9D1-9D5C34E83283}.Debug|x86.Build.0 = Debug|Any CPU
		{165556CD-4DA6-4426-B9D1-9D5C34E83283}.Release|Any CPU.ActiveCfg = Release|Any CPU
		{165556CD-4DA6-4426-B9D1-9D5C34E83283}.Release|Any CPU.Build.0 = Release|Any CPU
		{165556CD-4DA6-4426-B9D1-9D5C34E83283}.Release|ARM.ActiveCfg = Release|Any CPU
		{165556CD-4DA6-4426-B9D1-9D5C34E83283}.Release|ARM.Build.0 = Release|Any CPU
		{165556CD-4DA6-4426-B9D1-9D5C34E83283}.Release|iPhone.ActiveCfg = Release|Any CPU
		{165556CD-4DA6-4426-B9D1-9D5C34E83283}.Release|iPhone.Build.0 = Release|Any CPU
		{165556CD-4DA6-4426-B9D1-9D5C34E83283}.Release|iPhoneSimulator.ActiveCfg = Release|Any CPU
		{165556CD-4DA6-4426-B9D1-9D5C34E83283}.Release|iPhoneSimulator.Build.0 = Release|Any CPU
		{165556CD-4DA6-4426-B9D1-9D5C34E83283}.Release|x64.ActiveCfg = Release|Any CPU
		{165556CD-4DA6-4426-B9D1-9D5C34E83283}.Release|x64.Build.0 = Release|Any CPU
		{165556CD-4DA6-4426-B9D1-9D5C34E83283}.Release|x86.ActiveCfg = Release|Any CPU
		{165556CD-4DA6-4426-B9D1-9D5C34E83283}.Release|x86.Build.0 = Release|Any CPU
		{BC605B63-D375-4589-94DC-46406040E750}.Ad-Hoc|Any CPU.ActiveCfg = Release|x86
		{BC605B63-D375-4589-94DC-46406040E750}.Ad-Hoc|Any CPU.Build.0 = Release|x86
		{BC605B63-D375-4589-94DC-46406040E750}.Ad-Hoc|Any CPU.Deploy.0 = Release|x86
		{BC605B63-D375-4589-94DC-46406040E750}.Ad-Hoc|ARM.ActiveCfg = Release|ARM
		{BC605B63-D375-4589-94DC-46406040E750}.Ad-Hoc|ARM.Build.0 = Release|ARM
		{BC605B63-D375-4589-94DC-46406040E750}.Ad-Hoc|ARM.Deploy.0 = Release|ARM
		{BC605B63-D375-4589-94DC-46406040E750}.Ad-Hoc|iPhone.ActiveCfg = Release|x86
		{BC605B63-D375-4589-94DC-46406040E750}.Ad-Hoc|iPhone.Build.0 = Release|x86
		{BC605B63-D375-4589-94DC-46406040E750}.Ad-Hoc|iPhone.Deploy.0 = Release|x86
		{BC605B63-D375-4589-94DC-46406040E750}.Ad-Hoc|iPhoneSimulator.ActiveCfg = Release|x86
		{BC605B63-D375-4589-94DC-46406040E750}.Ad-Hoc|iPhoneSimulator.Build.0 = Release|x86
		{BC605B63-D375-4589-94DC-46406040E750}.Ad-Hoc|iPhoneSimulator.Deploy.0 = Release|x86
		{BC605B63-D375-4589-94DC-46406040E750}.Ad-Hoc|x64.ActiveCfg = Release|x64
		{BC605B63-D375-4589-94DC-46406040E750}.Ad-Hoc|x64.Build.0 = Release|x64
		{BC605B63-D375-4589-94DC-46406040E750}.Ad-Hoc|x64.Deploy.0 = Release|x64
		{BC605B63-D375-4589-94DC-46406040E750}.Ad-Hoc|x86.ActiveCfg = Release|x86
		{BC605B63-D375-4589-94DC-46406040E750}.Ad-Hoc|x86.Build.0 = Release|x86
		{BC605B63-D375-4589-94DC-46406040E750}.Ad-Hoc|x86.Deploy.0 = Release|x86
		{BC605B63-D375-4589-94DC-46406040E750}.AppStore|Any CPU.ActiveCfg = Release|x86
		{BC605B63-D375-4589-94DC-46406040E750}.AppStore|Any CPU.Build.0 = Release|x86
		{BC605B63-D375-4589-94DC-46406040E750}.AppStore|Any CPU.Deploy.0 = Release|x86
		{BC605B63-D375-4589-94DC-46406040E750}.AppStore|ARM.ActiveCfg = Release|ARM
		{BC605B63-D375-4589-94DC-46406040E750}.AppStore|ARM.Build.0 = Release|ARM
		{BC605B63-D375-4589-94DC-46406040E750}.AppStore|ARM.Deploy.0 = Release|ARM
		{BC605B63-D375-4589-94DC-46406040E750}.AppStore|iPhone.ActiveCfg = Release|x86
		{BC605B63-D375-4589-94DC-46406040E750}.AppStore|iPhone.Build.0 = Release|x86
		{BC605B63-D375-4589-94DC-46406040E750}.AppStore|iPhone.Deploy.0 = Release|x86
		{BC605B63-D375-4589-94DC-46406040E750}.AppStore|iPhoneSimulator.ActiveCfg = Release|x86
		{BC605B63-D375-4589-94DC-46406040E750}.AppStore|iPhoneSimulator.Build.0 = Release|x86
		{BC605B63-D375-4589-94DC-46406040E750}.AppStore|iPhoneSimulator.Deploy.0 = Release|x86
		{BC605B63-D375-4589-94DC-46406040E750}.AppStore|x64.ActiveCfg = Release|x64
		{BC605B63-D375-4589-94DC-46406040E750}.AppStore|x64.Build.0 = Release|x64
		{BC605B63-D375-4589-94DC-46406040E750}.AppStore|x64.Deploy.0 = Release|x64
		{BC605B63-D375-4589-94DC-46406040E750}.AppStore|x86.ActiveCfg = Release|x86
		{BC605B63-D375-4589-94DC-46406040E750}.AppStore|x86.Build.0 = Release|x86
		{BC605B63-D375-4589-94DC-46406040E750}.AppStore|x86.Deploy.0 = Release|x86
		{BC605B63-D375-4589-94DC-46406040E750}.Debug|Any CPU.ActiveCfg = Debug|x86
		{BC605B63-D375-4589-94DC-46406040E750}.Debug|ARM.ActiveCfg = Debug|ARM
		{BC605B63-D375-4589-94DC-46406040E750}.Debug|ARM.Build.0 = Debug|ARM
		{BC605B63-D375-4589-94DC-46406040E750}.Debug|ARM.Deploy.0 = Debug|ARM
		{BC605B63-D375-4589-94DC-46406040E750}.Debug|iPhone.ActiveCfg = Debug|x86
		{BC605B63-D375-4589-94DC-46406040E750}.Debug|iPhoneSimulator.ActiveCfg = Debug|x86
		{BC605B63-D375-4589-94DC-46406040E750}.Debug|x64.ActiveCfg = Debug|x64
		{BC605B63-D375-4589-94DC-46406040E750}.Debug|x64.Build.0 = Debug|x64
		{BC605B63-D375-4589-94DC-46406040E750}.Debug|x64.Deploy.0 = Debug|x64
		{BC605B63-D375-4589-94DC-46406040E750}.Debug|x86.ActiveCfg = Debug|x86
		{BC605B63-D375-4589-94DC-46406040E750}.Debug|x86.Build.0 = Debug|x86
		{BC605B63-D375-4589-94DC-46406040E750}.Debug|x86.Deploy.0 = Debug|x86
		{BC605B63-D375-4589-94DC-46406040E750}.Release|Any CPU.ActiveCfg = Release|x86
		{BC605B63-D375-4589-94DC-46406040E750}.Release|ARM.ActiveCfg = Release|ARM
		{BC605B63-D375-4589-94DC-46406040E750}.Release|ARM.Build.0 = Release|ARM
		{BC605B63-D375-4589-94DC-46406040E750}.Release|ARM.Deploy.0 = Release|ARM
		{BC605B63-D375-4589-94DC-46406040E750}.Release|iPhone.ActiveCfg = Release|x86
		{BC605B63-D375-4589-94DC-46406040E750}.Release|iPhoneSimulator.ActiveCfg = Release|x86
		{BC605B63-D375-4589-94DC-46406040E750}.Release|x64.ActiveCfg = Release|x64
		{BC605B63-D375-4589-94DC-46406040E750}.Release|x64.Build.0 = Release|x64
		{BC605B63-D375-4589-94DC-46406040E750}.Release|x64.Deploy.0 = Release|x64
		{BC605B63-D375-4589-94DC-46406040E750}.Release|x86.ActiveCfg = Release|x86
		{BC605B63-D375-4589-94DC-46406040E750}.Release|x86.Build.0 = Release|x86
		{BC605B63-D375-4589-94DC-46406040E750}.Release|x86.Deploy.0 = Release|x86
		{708E50E2-BCBB-4B52-BA90-40BB1898BD90}.Ad-Hoc|Any CPU.ActiveCfg = Ad-Hoc|iPhoneSimulator
		{708E50E2-BCBB-4B52-BA90-40BB1898BD90}.Ad-Hoc|ARM.ActiveCfg = Ad-Hoc|iPhone
		{708E50E2-BCBB-4B52-BA90-40BB1898BD90}.Ad-Hoc|iPhone.ActiveCfg = Ad-Hoc|iPhone
		{708E50E2-BCBB-4B52-BA90-40BB1898BD90}.Ad-Hoc|iPhone.Build.0 = Ad-Hoc|iPhone
		{708E50E2-BCBB-4B52-BA90-40BB1898BD90}.Ad-Hoc|iPhoneSimulator.ActiveCfg = Ad-Hoc|iPhoneSimulator
		{708E50E2-BCBB-4B52-BA90-40BB1898BD90}.Ad-Hoc|iPhoneSimulator.Build.0 = Ad-Hoc|iPhoneSimulator
		{708E50E2-BCBB-4B52-BA90-40BB1898BD90}.Ad-Hoc|x64.ActiveCfg = Ad-Hoc|iPhone
		{708E50E2-BCBB-4B52-BA90-40BB1898BD90}.Ad-Hoc|x86.ActiveCfg = Ad-Hoc|iPhone
		{708E50E2-BCBB-4B52-BA90-40BB1898BD90}.AppStore|Any CPU.ActiveCfg = AppStore|iPhoneSimulator
		{708E50E2-BCBB-4B52-BA90-40BB1898BD90}.AppStore|ARM.ActiveCfg = AppStore|iPhone
		{708E50E2-BCBB-4B52-BA90-40BB1898BD90}.AppStore|iPhone.ActiveCfg = AppStore|iPhone
		{708E50E2-BCBB-4B52-BA90-40BB1898BD90}.AppStore|iPhone.Build.0 = AppStore|iPhone
		{708E50E2-BCBB-4B52-BA90-40BB1898BD90}.AppStore|iPhoneSimulator.ActiveCfg = AppStore|iPhoneSimulator
		{708E50E2-BCBB-4B52-BA90-40BB1898BD90}.AppStore|iPhoneSimulator.Build.0 = AppStore|iPhoneSimulator
		{708E50E2-BCBB-4B52-BA90-40BB1898BD90}.AppStore|x64.ActiveCfg = AppStore|iPhone
		{708E50E2-BCBB-4B52-BA90-40BB1898BD90}.AppStore|x86.ActiveCfg = AppStore|iPhone
		{708E50E2-BCBB-4B52-BA90-40BB1898BD90}.Debug|Any CPU.ActiveCfg = Debug|iPhoneSimulator
		{708E50E2-BCBB-4B52-BA90-40BB1898BD90}.Debug|ARM.ActiveCfg = Debug|iPhone
		{708E50E2-BCBB-4B52-BA90-40BB1898BD90}.Debug|iPhone.ActiveCfg = Debug|iPhone
		{708E50E2-BCBB-4B52-BA90-40BB1898BD90}.Debug|iPhone.Build.0 = Debug|iPhone
		{708E50E2-BCBB-4B52-BA90-40BB1898BD90}.Debug|iPhoneSimulator.ActiveCfg = Debug|iPhoneSimulator
		{708E50E2-BCBB-4B52-BA90-40BB1898BD90}.Debug|iPhoneSimulator.Build.0 = Debug|iPhoneSimulator
		{708E50E2-BCBB-4B52-BA90-40BB1898BD90}.Debug|x64.ActiveCfg = Debug|iPhone
		{708E50E2-BCBB-4B52-BA90-40BB1898BD90}.Debug|x86.ActiveCfg = Debug|iPhone
		{708E50E2-BCBB-4B52-BA90-40BB1898BD90}.Release|Any CPU.ActiveCfg = Release|iPhoneSimulator
		{708E50E2-BCBB-4B52-BA90-40BB1898BD90}.Release|ARM.ActiveCfg = Release|iPhone
		{708E50E2-BCBB-4B52-BA90-40BB1898BD90}.Release|iPhone.ActiveCfg = Release|iPhone
		{708E50E2-BCBB-4B52-BA90-40BB1898BD90}.Release|iPhone.Build.0 = Release|iPhone
		{708E50E2-BCBB-4B52-BA90-40BB1898BD90}.Release|iPhoneSimulator.ActiveCfg = Release|iPhoneSimulator
		{708E50E2-BCBB-4B52-BA90-40BB1898BD90}.Release|iPhoneSimulator.Build.0 = Release|iPhoneSimulator
		{708E50E2-BCBB-4B52-BA90-40BB1898BD90}.Release|x64.ActiveCfg = Release|iPhone
		{708E50E2-BCBB-4B52-BA90-40BB1898BD90}.Release|x86.ActiveCfg = Release|iPhone
	EndGlobalSection
	GlobalSection(SolutionProperties) = preSolution
		HideSolutionNode = FALSE
	EndGlobalSection
	GlobalSection(ExtensibilityGlobals) = postSolution
		SolutionGuid = {EEE29991-B338-4E39-9206-AD4614FD4D03}
	EndGlobalSection
EndGlobal
